version = 1
requires-python = ">=3.12"

[[package]]
name = "astroid"
version = "2.5.6"
source = { registry = "https://pypi.org/simple" }
dependencies = [
    { name = "lazy-object-proxy" },
    { name = "wrapt" },
]
sdist = { url = "https://files.pythonhosted.org/packages/bc/72/51d6389690b30adf1ad69993923f81b71b2110b16e02fd0afd378e30c43c/astroid-2.5.6.tar.gz", hash = "sha256:8a398dfce302c13f14bab13e2b14fe385d32b73f4e4853b9bdfb64598baa1975", size = 181541 }
wheels = [
    { url = "https://files.pythonhosted.org/packages/f8/82/a61df6c2d68f3ae3ad1afa0d2e5ba5cfb7386eb80cffb453def7c5757271/astroid-2.5.6-py3-none-any.whl", hash = "sha256:4db03ab5fc3340cf619dbc25e42c2cc3755154ce6009469766d7143d1fc2ee4e", size = 219310 },
]

[[package]]
name = "colorama"
version = "0.4.6"
source = { registry = "https://pypi.org/simple" }
sdist = { url = "https://files.pythonhosted.org/packages/d8/53/6f443c9a4a8358a93a6792e2acffb9d9d5cb0a5cfd8802644b7b1c9a02e4/colorama-0.4.6.tar.gz", hash = "sha256:08695f5cb7ed6e0531a20572697297273c47b8cae5a63ffc6d6ed5c201be6e44", size = 27697 }
wheels = [
    { url = "https://files.pythonhosted.org/packages/d1/d6/3965ed04c63042e047cb6a3e6ed1a63a35087b6a609aa3a15ed8ac56c221/colorama-0.4.6-py2.py3-none-any.whl", hash = "sha256:4f1d9991f5acc0ca119f9d443620b77f9d6b33703e51011c16baf57afb285fc6", size = 25335 },
]

[[package]]
name = "epubmangler"
version = "0.1.0"
source = { virtual = "." }
dependencies = [
    { name = "astroid" },
    { name = "fastapi" },
    { name = "isort" },
    { name = "lazy-object-proxy" },
    { name = "mccabe" },
    { name = "pydantic" },
    { name = "pylint" },
    { name = "starlette" },
    { name = "toml" },
    { name = "typing-extensions" },
    { name = "wrapt" },
]

[package.metadata]
requires-dist = [
    { name = "astroid", specifier = "==2.5.6" },
    { name = "fastapi", specifier = "==0.65.2" },
    { name = "isort", specifier = "==5.8.0" },
    { name = "lazy-object-proxy", specifier = "==1.6.0" },
    { name = "mccabe", specifier = "==0.6.1" },
    { name = "pydantic", specifier = "==1.8.2" },
    { name = "pylint", specifier = "==2.8.2" },
    { name = "starlette", specifier = "==0.14.2" },
    { name = "toml", specifier = "==0.10.2" },
    { name = "typing-extensions", specifier = "==3.10.0.0" },
    { name = "wrapt", specifier = "==1.12.1" },
]

[[package]]
name = "fastapi"
version = "0.65.2"
source = { registry = "https://pypi.org/simple" }
dependencies = [
    { name = "pydantic" },
    { name = "starlette" },
]
sdist = { url = "https://files.pythonhosted.org/packages/8c/5d/66e0777c6702d0f1bc238aca5ef4f8914eb564b27a04c87e158cd26bd69a/fastapi-0.65.2.tar.gz", hash = "sha256:8359e55d8412a5571c0736013d90af235d6949ec4ce978e9b63500c8f4b6f714", size = 5590241 }
wheels = [
    { url = "https://files.pythonhosted.org/packages/dc/a8/a6be420593c4061c086e6d2ba47db46401d9af2b98b6cd33d35284f706d3/fastapi-0.65.2-py3-none-any.whl", hash = "sha256:39569a18914075b2f1aaa03bcb9dc96a38e0e5dabaf3972e088c9077dfffa379", size = 51192 },
]

[[package]]
name = "isort"
version = "5.8.0"
source = { registry = "https://pypi.org/simple" }
sdist = { url = "https://files.pythonhosted.org/packages/31/8a/6f5449a7be67e4655069490f05fa3e190f5f5864e6ddee140f60fe5526dd/isort-5.8.0.tar.gz", hash = "sha256:0a943902919f65c5684ac4e0154b1ad4fac6dcaa5d9f3426b732f1c8b5419be6", size = 167927 }
wheels = [
    { url = "https://files.pythonhosted.org/packages/d9/47/0ec3ec948b7b3a0ba44e62adede4dca8b5985ba6aaee59998bed0916bd17/isort-5.8.0-py3-none-any.whl", hash = "sha256:2bb1680aad211e3c9944dbce1d4ba09a989f04e238296c87fe2139faa26d655d", size = 103227 },
]

[[package]]
name = "lazy-object-proxy"
version = "1.6.0"
source = { registry = "https://pypi.org/simple" }
sdist = { url = "https://files.pythonhosted.org/packages/bb/f5/646893a04dcf10d4acddb61c632fd53abb3e942e791317dcdd57f5800108/lazy-object-proxy-1.6.0.tar.gz", hash = "sha256:489000d368377571c6f982fba6497f2aa13c6d1facc40660963da62f5c379726", size = 44494 }

[[package]]
name = "mccabe"
version = "0.6.1"
source = { registry = "https://pypi.org/simple" }
sdist = { url = "https://files.pythonhosted.org/packages/06/18/fa675aa501e11d6d6ca0ae73a101b2f3571a565e0f7d38e062eec18a91ee/mccabe-0.6.1.tar.gz", hash = "sha256:dd8d182285a0fe56bace7f45b5e7d1a6ebcbf524e8f3bd87eb0f125271b8831f", size = 8612 }
wheels = [
    { url = "https://files.pythonhosted.org/packages/87/89/479dc97e18549e21354893e4ee4ef36db1d237534982482c3681ee6e7b57/mccabe-0.6.1-py2.py3-none-any.whl", hash = "sha256:ab8a6258860da4b6677da4bd2fe5dc2c659cff31b3ee4f7f5d64e79735b80d42", size = 8556 },
]

[[package]]
name = "pydantic"
version = "1.8.2"
source = { registry = "https://pypi.org/simple" }
dependencies = [
    { name = "typing-extensions" },
]
sdist = { url = "https://files.pythonhosted.org/packages/b9/d2/12a808613937a6b98cd50d6467352f01322dc0d8ca9fb5b94441625d6684/pydantic-1.8.2.tar.gz", hash = "sha256:26464e57ccaafe72b7ad156fdaa4e9b9ef051f69e175dbbb463283000c05ab7b", size = 263751 }
wheels = [
    { url = "https://files.pythonhosted.org/packages/ff/74/54e030641601112309f6d2af620774e9080f99c7a15742fc6a0b170c4076/pydantic-1.8.2-py3-none-any.whl", hash = "sha256:fec866a0b59f372b7e776f2d7308511784dace622e0992a0b59ea3ccee0ae833", size = 126035 },
]

[[package]]
name = "pylint"
version = "2.8.2"
source = { registry = "https://pypi.org/simple" }
dependencies = [
    { name = "astroid" },
    { name = "colorama", marker = "sys_platform == 'win32'" },
    { name = "isort" },
    { name = "mccabe" },
    { name = "toml" },
]
sdist = { url = "https://files.pythonhosted.org/packages/d0/36/1aaf87b263989db93a6c32f1df41bfa3f10f6801c77649cd88e78c99674f/pylint-2.8.2.tar.gz", hash = "sha256:586d8fa9b1891f4b725f587ef267abe2a1bad89d6b184520c7f07a253dd6e217", size = 745627 }
wheels = [
    { url = "https://files.pythonhosted.org/packages/10/f0/9705d6ec002876bc20b6923cbdeeca82569a895fc214211562580e946079/pylint-2.8.2-py3-none-any.whl", hash = "sha256:f7e2072654a6b6afdf5e2fb38147d3e2d2d43c89f648637baab63e026481279b", size = 357806 },
]

[[package]]
name = "starlette"
version = "0.14.2"
source = { registry = "https://pypi.org/simple" }
sdist = { url = "https://files.pythonhosted.org/packages/3a/06/ded663a1ddea8b11a2027d88ff0e757f9cdb812310f18bee33ef7270112f/starlette-0.14.2.tar.gz", hash = "sha256:7d49f4a27f8742262ef1470608c59ddbc66baf37c148e938c7038e6bc7a998aa", size = 50123 }
wheels = [
    { url = "https://files.pythonhosted.org/packages/15/34/db1890f442a1cd3a2c761f4109a0eb4e63503218d70a8c8e97faa09a5500/starlette-0.14.2-py3-none-any.whl", hash = "sha256:3c8e48e52736b3161e34c9f0e8153b4f32ec5d8995a3ee1d59410d92f75162ed", size = 60648 },
]

[[package]]
name = "toml"
version = "0.10.2"
source = { registry = "https://pypi.org/simple" }
sdist = { url = "https://files.pythonhosted.org/packages/be/ba/1f744cdc819428fc6b5084ec34d9b30660f6f9daaf70eead706e3203ec3c/toml-0.10.2.tar.gz", hash = "sha256:b3bda1d108d5dd99f4a20d24d9c348e91c4db7ab1b749200bded2f839ccbe68f", size = 22253 }
wheels = [
    { url = "https://files.pythonhosted.org/packages/44/6f/7120676b6d73228c96e17f1f794d8ab046fc910d781c8d151120c3f1569e/toml-0.10.2-py2.py3-none-any.whl", hash = "sha256:806143ae5bfb6a3c6e736a764057db0e6a0e05e338b5630894a5f779cabb4f9b", size = 16588 },
]

[[package]]
name = "typing-extensions"
version = "3.10.0.0"
source = { registry = "https://pypi.org/simple" }
sdist = { url = "https://files.pythonhosted.org/packages/aa/55/62e2d4934c282a60b4243a950c9dbfa01ae7cac0e8d6c0b5315b87432c81/typing_extensions-3.10.0.0.tar.gz", hash = "sha256:50b6f157849174217d0656f99dc82fe932884fb250826c18350e159ec6cdf342", size = 45509 }
wheels = [
    { url = "https://files.pythonhosted.org/packages/2e/35/6c4fff5ab443b57116cb1aad46421fb719bed2825664e8fe77d66d99bcbc/typing_extensions-3.10.0.0-py3-none-any.whl", hash = "sha256:779383f6086d90c99ae41cf0ff39aac8a7937a9283ce0a414e5dd782f4c94a84", size = 26127 },
]

[[package]]
name = "wrapt"
version = "1.12.1"
source = { registry = "https://pypi.org/simple" }
sdist = { url = "https://files.pythonhosted.org/packages/82/f7/e43cefbe88c5fd371f4cf0cf5eb3feccd07515af9fd6cf7dbf1d1793a797/wrapt-1.12.1.tar.gz", hash = "sha256:b62ffa81fb85f4332a4f609cab4ac40709470da05643a082ec1eb88e6d9b97d7", size = 27488 }
